// !$*UTF8*$!
{
	archiveVersion = 1;
	classes = {
	};
	objectVersion = 56;
	objects = {

/* Begin PBXBuildFile section */
		27A2E5C97345A442872E929E /* Pods_Animals.framework in Frameworks */ = {isa = PBXBuildFile; fileRef = A92A83ACE08B69F126C4C2B5 /* Pods_Animals.framework */; };
		350205CB28E3E96B005B77FA /* AppDelegate.swift in Sources */ = {isa = PBXBuildFile; fileRef = 350205CA28E3E96B005B77FA /* AppDelegate.swift */; };
		350205CD28E3E96B005B77FA /* SceneDelegate.swift in Sources */ = {isa = PBXBuildFile; fileRef = 350205CC28E3E96B005B77FA /* SceneDelegate.swift */; };
		350205CF28E3E96B005B77FA /* ViewController.swift in Sources */ = {isa = PBXBuildFile; fileRef = 350205CE28E3E96B005B77FA /* ViewController.swift */; };
		350205D228E3E96B005B77FA /* Main.storyboard in Resources */ = {isa = PBXBuildFile; fileRef = 350205D028E3E96B005B77FA /* Main.storyboard */; };
		350205D428E3E96E005B77FA /* Assets.xcassets in Resources */ = {isa = PBXBuildFile; fileRef = 350205D328E3E96E005B77FA /* Assets.xcassets */; };
		350205D728E3E96E005B77FA /* LaunchScreen.storyboard in Resources */ = {isa = PBXBuildFile; fileRef = 350205D528E3E96E005B77FA /* LaunchScreen.storyboard */; };
		350205DF28E3EC51005B77FA /* Network.swift in Sources */ = {isa = PBXBuildFile; fileRef = 350205DE28E3EC51005B77FA /* Network.swift */; };
		350205E128E3ECB2005B77FA /* AnimalsModel.swift in Sources */ = {isa = PBXBuildFile; fileRef = 350205E028E3ECB2005B77FA /* AnimalsModel.swift */; };
		350205E528E42435005B77FA /* TableViewController.swift in Sources */ = {isa = PBXBuildFile; fileRef = 350205E428E42435005B77FA /* TableViewController.swift */; };
		350205E828E42462005B77FA /* AnimalDataStack.xcdatamodeld in Sources */ = {isa = PBXBuildFile; fileRef = 350205E628E42462005B77FA /* AnimalDataStack.xcdatamodeld */; };
		350205F228E425B7005B77FA /* AnimalCoreData.swift in Sources */ = {isa = PBXBuildFile; fileRef = 350205F128E425B7005B77FA /* AnimalCoreData.swift */; };
		3502060428E44666005B77FA /* Animal.swift in Sources */ = {isa = PBXBuildFile; fileRef = 3502060328E44666005B77FA /* Animal.swift */; };
/* End PBXBuildFile section */

/* Begin PBXFileReference section */
		350205C728E3E96B005B77FA /* Animals.app */ = {isa = PBXFileReference; explicitFileType = wrapper.application; includeInIndex = 0; path = Animals.app; sourceTree = BUILT_PRODUCTS_DIR; };
		350205CA28E3E96B005B77FA /* AppDelegate.swift */ = {isa = PBXFileReference; lastKnownFileType = sourcecode.swift; path = AppDelegate.swift; sourceTree = "<group>"; };
		350205CC28E3E96B005B77FA /* SceneDelegate.swift */ = {isa = PBXFileReference; lastKnownFileType = sourcecode.swift; path = SceneDelegate.swift; sourceTree = "<group>"; };
		350205CE28E3E96B005B77FA /* ViewController.swift */ = {isa = PBXFileReference; lastKnownFileType = sourcecode.swift; path = ViewController.swift; sourceTree = "<group>"; };
		350205D128E3E96B005B77FA /* Base */ = {isa = PBXFileReference; lastKnownFileType = file.storyboard; name = Base; path = Base.lproj/Main.storyboard; sourceTree = "<group>"; };
		350205D328E3E96E005B77FA /* Assets.xcassets */ = {isa = PBXFileReference; lastKnownFileType = folder.assetcatalog; path = Assets.xcassets; sourceTree = "<group>"; };
		350205D628E3E96E005B77FA /* Base */ = {isa = PBXFileReference; lastKnownFileType = file.storyboard; name = Base; path = Base.lproj/LaunchScreen.storyboard; sourceTree = "<group>"; };
		350205D828E3E96E005B77FA /* Info.plist */ = {isa = PBXFileReference; lastKnownFileType = text.plist.xml; path = Info.plist; sourceTree = "<group>"; };
		350205DE28E3EC51005B77FA /* Network.swift */ = {isa = PBXFileReference; lastKnownFileType = sourcecode.swift; path = Network.swift; sourceTree = "<group>"; };
		350205E028E3ECB2005B77FA /* AnimalsModel.swift */ = {isa = PBXFileReference; lastKnownFileType = sourcecode.swift; path = AnimalsModel.swift; sourceTree = "<group>"; };
		350205E428E42435005B77FA /* TableViewController.swift */ = {isa = PBXFileReference; lastKnownFileType = sourcecode.swift; path = TableViewController.swift; sourceTree = "<group>"; };
		350205E728E42462005B77FA /* AnimalDataStack.xcdatamodel */ = {isa = PBXFileReference; lastKnownFileType = wrapper.xcdatamodel; path = AnimalDataStack.xcdatamodel; sourceTree = "<group>"; };
		350205F128E425B7005B77FA /* AnimalCoreData.swift */ = {isa = PBXFileReference; lastKnownFileType = sourcecode.swift; path = AnimalCoreData.swift; sourceTree = "<group>"; };
		3502060328E44666005B77FA /* Animal.swift */ = {isa = PBXFileReference; lastKnownFileType = sourcecode.swift; path = Animal.swift; sourceTree = "<group>"; };
		6234873817D55F779FE659FF /* Pods-Animals.release.xcconfig */ = {isa = PBXFileReference; includeInIndex = 1; lastKnownFileType = text.xcconfig; name = "Pods-Animals.release.xcconfig"; path = "Target Support Files/Pods-Animals/Pods-Animals.release.xcconfig"; sourceTree = "<group>"; };
		A92A83ACE08B69F126C4C2B5 /* Pods_Animals.framework */ = {isa = PBXFileReference; explicitFileType = wrapper.framework; includeInIndex = 0; path = Pods_Animals.framework; sourceTree = BUILT_PRODUCTS_DIR; };
		C1661BDCFB5E5DB6F997C0AE /* Pods-Animals.debug.xcconfig */ = {isa = PBXFileReference; includeInIndex = 1; lastKnownFileType = text.xcconfig; name = "Pods-Animals.debug.xcconfig"; path = "Target Support Files/Pods-Animals/Pods-Animals.debug.xcconfig"; sourceTree = "<group>"; };
/* End PBXFileReference section */

/* Begin PBXFrameworksBuildPhase section */
		350205C428E3E96B005B77FA /* Frameworks */ = {
			isa = PBXFrameworksBuildPhase;
			buildActionMask = 2147483647;
			files = (
				27A2E5C97345A442872E929E /* Pods_Animals.framework in Frameworks */,
			);
			runOnlyForDeploymentPostprocessing = 0;
		};
/* End PBXFrameworksBuildPhase section */

/* Begin PBXGroup section */
		350205BE28E3E96B005B77FA = {
			isa = PBXGroup;
			children = (
				350205C928E3E96B005B77FA /* Animals */,
				350205C828E3E96B005B77FA /* Products */,
				CABD077881E577013E67975F /* Pods */,
				C13D69FAC05A40EF6F115742 /* Frameworks */,
			);
			sourceTree = "<group>";
		};
		350205C828E3E96B005B77FA /* Products */ = {
			isa = PBXGroup;
			children = (
				350205C728E3E96B005B77FA /* Animals.app */,
			);
			name = Products;
			sourceTree = "<group>";
		};
		350205C928E3E96B005B77FA /* Animals */ = {
			isa = PBXGroup;
			children = (
				350205CA28E3E96B005B77FA /* AppDelegate.swift */,
				350205F128E425B7005B77FA /* AnimalCoreData.swift */,
				350205CC28E3E96B005B77FA /* SceneDelegate.swift */,
				350205CE28E3E96B005B77FA /* ViewController.swift */,
				3502060328E44666005B77FA /* Animal.swift */,
				350205E028E3ECB2005B77FA /* AnimalsModel.swift */,
				350205D028E3E96B005B77FA /* Main.storyboard */,
				350205E428E42435005B77FA /* TableViewController.swift */,
				350205E628E42462005B77FA /* AnimalDataStack.xcdatamodeld */,
				350205DE28E3EC51005B77FA /* Network.swift */,
				350205D328E3E96E005B77FA /* Assets.xcassets */,
				350205D528E3E96E005B77FA /* LaunchScreen.storyboard */,
				350205D828E3E96E005B77FA /* Info.plist */,
			);
			path = Animals;
			sourceTree = "<group>";
		};
		C13D69FAC05A40EF6F115742 /* Frameworks */ = {
			isa = PBXGroup;
			children = (
				A92A83ACE08B69F126C4C2B5 /* Pods_Animals.framework */,
			);
			name = Frameworks;
			sourceTree = "<group>";
		};
		CABD077881E577013E67975F /* Pods */ = {
			isa = PBXGroup;
			children = (
				C1661BDCFB5E5DB6F997C0AE /* Pods-Animals.debug.xcconfig */,
				6234873817D55F779FE659FF /* Pods-Animals.release.xcconfig */,
			);
			path = Pods;
			sourceTree = "<group>";
		};
/* End PBXGroup section */

/* Begin PBXNativeTarget section */
		350205C628E3E96B005B77FA /* Animals */ = {
			isa = PBXNativeTarget;
			buildConfigurationList = 350205DB28E3E96E005B77FA /* Build configuration list for PBXNativeTarget "Animals" */;
			buildPhases = (
				1BEBCFFD573D8AC982831C33 /* [CP] Check Pods Manifest.lock */,
				350205C328E3E96B005B77FA /* Sources */,
				350205C428E3E96B005B77FA /* Frameworks */,
				350205C528E3E96B005B77FA /* Resources */,
				EAB10771DF6D6C0FFBE67D1A /* [CP] Embed Pods Frameworks */,
			);
			buildRules = (
			);
			dependencies = (
			);
			name = Animals;
			productName = Animals;
			productReference = 350205C728E3E96B005B77FA /* Animals.app */;
			productType = "com.apple.product-type.application";
		};
/* End PBXNativeTarget section */

/* Begin PBXProject section */
		350205BF28E3E96B005B77FA /* Project object */ = {
			isa = PBXProject;
			attributes = {
				BuildIndependentTargetsInParallel = 1;
				LastSwiftUpdateCheck = 1400;
				LastUpgradeCheck = 1400;
				TargetAttributes = {
					350205C628E3E96B005B77FA = {
						CreatedOnToolsVersion = 14.0.1;
					};
				};
			};
			buildConfigurationList = 350205C228E3E96B005B77FA /* Build configuration list for PBXProject "Animals" */;
			compatibilityVersion = "Xcode 14.0";
			developmentRegion = en;
			hasScannedForEncodings = 0;
			knownRegions = (
				en,
				Base,
			);
			mainGroup = 350205BE28E3E96B005B77FA;
			productRefGroup = 350205C828E3E96B005B77FA /* Products */;
			projectDirPath = "";
			projectRoot = "";
			targets = (
				350205C628E3E96B005B77FA /* Animals */,
			);
		};
/* End PBXProject section */

/* Begin PBXResourcesBuildPhase section */
		350205C528E3E96B005B77FA /* Resources */ = {
			isa = PBXResourcesBuildPhase;
			buildActionMask = 2147483647;
			files = (
				350205D728E3E96E005B77FA /* LaunchScreen.storyboard in Resources */,
				350205D428E3E96E005B77FA /* Assets.xcassets in Resources */,
				350205D228E3E96B005B77FA /* Main.storyboard in Resources */,
			);
			runOnlyForDeploymentPostprocessing = 0;
		};
/* End PBXResourcesBuildPhase section */

/* Begin PBXShellScriptBuildPhase section */
		1BEBCFFD573D8AC982831C33 /* [CP] Check Pods Manifest.lock */ = {
			isa = PBXShellScriptBuildPhase;
			buildActionMask = 2147483647;
			files = (
			);
			inputFileListPaths = (
			);
			inputPaths = (
				"${PODS_PODFILE_DIR_PATH}/Podfile.lock",
				"${PODS_ROOT}/Manifest.lock",
			);
			name = "[CP] Check Pods Manifest.lock";
			outputFileListPaths = (
			);
			outputPaths = (
				"$(DERIVED_FILE_DIR)/Pods-Animals-checkManifestLockResult.txt",
			);
			runOnlyForDeploymentPostprocessing = 0;
			shellPath = /bin/sh;
			shellScript = "diff \"${PODS_PODFILE_DIR_PATH}/Podfile.lock\" \"${PODS_ROOT}/Manifest.lock\" > /dev/null\nif [ $? != 0 ] ; then\n    # print error to STDERR\n    echo \"error: The sandbox is not in sync with the Podfile.lock. Run 'pod install' or update your CocoaPods installation.\" >&2\n    exit 1\nfi\n# This output is used by Xcode 'outputs' to avoid re-running this script phase.\necho \"SUCCESS\" > \"${SCRIPT_OUTPUT_FILE_0}\"\n";
			showEnvVarsInLog = 0;
		};
		EAB10771DF6D6C0FFBE67D1A /* [CP] Embed Pods Frameworks */ = {
			isa = PBXShellScriptBuildPhase;
			buildActionMask = 2147483647;
			files = (
			);
			inputFileListPaths = (
				"${PODS_ROOT}/Target Support Files/Pods-Animals/Pods-Animals-frameworks-${CONFIGURATION}-input-files.xcfilelist",
			);
			name = "[CP] Embed Pods Frameworks";
			outputFileListPaths = (
				"${PODS_ROOT}/Target Support Files/Pods-Animals/Pods-Animals-frameworks-${CONFIGURATION}-output-files.xcfilelist",
			);
			runOnlyForDeploymentPostprocessing = 0;
			shellPath = /bin/sh;
			shellScript = "\"${PODS_ROOT}/Target Support Files/Pods-Animals/Pods-Animals-frameworks.sh\"\n";
			showEnvVarsInLog = 0;
		};
/* End PBXShellScriptBuildPhase section */

/* Begin PBXSourcesBuildPhase section */
		350205C328E3E96B005B77FA /* Sources */ = {
			isa = PBXSourcesBuildPhase;
			buildActionMask = 2147483647;
			files = (
				3502060428E44666005B77FA /* Animal.swift in Sources */,
				350205CF28E3E96B005B77FA /* ViewController.swift in Sources */,
				350205E828E42462005B77FA /* AnimalDataStack.xcdatamodeld in Sources */,
				350205E528E42435005B77FA /* TableViewController.swift in Sources */,
				350205F228E425B7005B77FA /* AnimalCoreData.swift in Sources */,
				350205CB28E3E96B005B77FA /* AppDelegate.swift in Sources */,
				350205DF28E3EC51005B77FA /* Network.swift in Sources */,
				350205E128E3ECB2005B77FA /* AnimalsModel.swift in Sources */,
				350205CD28E3E96B005B77FA /* SceneDelegate.swift in Sources */,
			);
			runOnlyForDeploymentPostprocessing = 0;
		};
/* End PBXSourcesBuildPhase section */

/* Begin PBXVariantGroup section */
		350205D028E3E96B005B77FA /* Main.storyboard */ = {
			isa = PBXVariantGroup;
			children = (
				350205D128E3E96B005B77FA /* Base */,
			);
			name = Main.storyboard;
			sourceTree = "<group>";
		};
		350205D528E3E96E005B77FA /* LaunchScreen.storyboard */ = {
			isa = PBXVariantGroup;
			children = (
				350205D628E3E96E005B77FA /* Base */,
			);
			name = LaunchScreen.storyboard;
			sourceTree = "<group>";
		};
/* End PBXVariantGroup section */

/* Begin XCBuildConfiguration section */
		350205D928E3E96E005B77FA /* Debug */ = {
			isa = XCBuildConfiguration;
			buildSettings = {
				ALWAYS_SEARCH_USER_PATHS = NO;
				CLANG_ANALYZER_NONNULL = YES;
				CLANG_ANALYZER_NUMBER_OBJECT_CONVERSION = YES_AGGRESSIVE;
				CLANG_CXX_LANGUAGE_STANDARD = "gnu++20";
				CLANG_ENABLE_MODULES = YES;
				CLANG_ENABLE_OBJC_ARC = YES;
				CLANG_ENABLE_OBJC_WEAK = YES;
				CLANG_WARN_BLOCK_CAPTURE_AUTORELEASING = YES;
				CLANG_WARN_BOOL_CONVERSION = YES;
				CLANG_WARN_COMMA = YES;
				CLANG_WARN_CONSTANT_CONVERSION = YES;
				CLANG_WARN_DEPRECATED_OBJC_IMPLEMENTATIONS = YES;
				CLANG_WARN_DIRECT_OBJC_ISA_USAGE = YES_ERROR;
				CLANG_WARN_DOCUMENTATION_COMMENTS = YES;
				CLANG_WARN_EMPTY_BODY = YES;
				CLANG_WARN_ENUM_CONVERSION = YES;
				CLANG_WARN_INFINITE_RECURSION = YES;
				CLANG_WARN_INT_CONVERSION = YES;
				CLANG_WARN_NON_LITERAL_NULL_CONVERSION = YES;
				CLANG_WARN_OBJC_IMPLICIT_RETAIN_SELF = YES;
				CLANG_WARN_OBJC_LITERAL_CONVERSION = YES;
				CLANG_WARN_OBJC_ROOT_CLASS = YES_ERROR;
				CLANG_WARN_QUOTED_INCLUDE_IN_FRAMEWORK_HEADER = YES;
				CLANG_WARN_RANGE_LOOP_ANALYSIS = YES;
				CLANG_WARN_STRICT_PROTOTYPES = YES;
				CLANG_WARN_SUSPICIOUS_MOVE = YES;
				CLANG_WARN_UNGUARDED_AVAILABILITY = YES_AGGRESSIVE;
				CLANG_WARN_UNREACHABLE_CODE = YES;
				CLANG_WARN__DUPLICATE_METHOD_MATCH = YES;
				COPY_PHASE_STRIP = NO;
				DEBUG_INFORMATION_FORMAT = dwarf;
				ENABLE_STRICT_OBJC_MSGSEND = YES;
				ENABLE_TESTABILITY = YES;
				GCC_C_LANGUAGE_STANDARD = gnu11;
				GCC_DYNAMIC_NO_PIC = NO;
				GCC_NO_COMMON_BLOCKS = YES;
				GCC_OPTIMIZATION_LEVEL = 0;
				GCC_PREPROCESSOR_DEFINITIONS = (
					"DEBUG=1",
					"$(inherited)",
				);
				GCC_WARN_64_TO_32_BIT_CONVERSION = YES;
				GCC_WARN_ABOUT_RETURN_TYPE = YES_ERROR;
				GCC_WARN_UNDECLARED_SELECTOR = YES;
				GCC_WARN_UNINITIALIZED_AUTOS = YES_AGGRESSIVE;
				GCC_WARN_UNUSED_FUNCTION = YES;
				GCC_WARN_UNUSED_VARIABLE = YES;
				IPHONEOS_DEPLOYMENT_TARGET = 16.0;
				MTL_ENABLE_DEBUG_INFO = INCLUDE_SOURCE;
				MTL_FAST_MATH = YES;
				ONLY_ACTIVE_ARCH = YES;
				SDKROOT = iphoneos;
				SWIFT_ACTIVE_COMPILATION_CONDITIONS = DEBUG;
				SWIFT_OPTIMIZATION_LEVEL = "-Onone";
			};
			name = Debug;
		};
		350205DA28E3E96E005B77FA /* Release */ = {
			isa = XCBuildConfiguration;
			buildSettings = {
				ALWAYS_SEARCH_USER_PATHS = NO;
				CLANG_ANALYZER_NONNULL = YES;
				CLANG_ANALYZER_NUMBER_OBJECT_CONVERSION = YES_AGGRESSIVE;
				CLANG_CXX_LANGUAGE_STANDARD = "gnu++20";
				CLANG_ENABLE_MODULES = YES;
				CLANG_ENABLE_OBJC_ARC = YES;
				CLANG_ENABLE_OBJC_WEAK = YES;
				CLANG_WARN_BLOCK_CAPTURE_AUTORELEASING = YES;
				CLANG_WARN_BOOL_CONVERSION = YES;
				CLANG_WARN_COMMA = YES;
				CLANG_WARN_CONSTANT_CONVERSION = YES;
				CLANG_WARN_DEPRECATED_OBJC_IMPLEMENTATIONS = YES;
				CLANG_WARN_DIRECT_OBJC_ISA_USAGE = YES_ERROR;
				CLANG_WARN_DOCUMENTATION_COMMENTS = YES;
				CLANG_WARN_EMPTY_BODY = YES;
				CLANG_WARN_ENUM_CONVERSION = YES;
				CLANG_WARN_INFINITE_RECURSION = YES;
				CLANG_WARN_INT_CONVERSION = YES;
				CLANG_WARN_NON_LITERAL_NULL_CONVERSION = YES;
				CLANG_WARN_OBJC_IMPLICIT_RETAIN_SELF = YES;
				CLANG_WARN_OBJC_LITERAL_CONVERSION = YES;
				CLANG_WARN_OBJC_ROOT_CLASS = YES_ERROR;
				CLANG_WARN_QUOTED_INCLUDE_IN_FRAMEWORK_HEADER = YES;
				CLANG_WARN_RANGE_LOOP_ANALYSIS = YES;
				CLANG_WARN_STRICT_PROTOTYPES = YES;
				CLANG_WARN_SUSPICIOUS_MOVE = YES;
				CLANG_WARN_UNGUARDED_AVAILABILITY = YES_AGGRESSIVE;
				CLANG_WARN_UNREACHABLE_CODE = YES;
				CLANG_WARN__DUPLICATE_METHOD_MATCH = YES;
				COPY_PHASE_STRIP = NO;
				DEBUG_INFORMATION_FORMAT = "dwarf-with-dsym";
				ENABLE_NS_ASSERTIONS = NO;
				ENABLE_STRICT_OBJC_MSGSEND = YES;
				GCC_C_LANGUAGE_STANDARD = gnu11;
				GCC_NO_COMMON_BLOCKS = YES;
				GCC_WARN_64_TO_32_BIT_CONVERSION = YES;
				GCC_WARN_ABOUT_RETURN_TYPE = YES_ERROR;
				GCC_WARN_UNDECLARED_SELECTOR = YES;
				GCC_WARN_UNINITIALIZED_AUTOS = YES_AGGRESSIVE;
				GCC_WARN_UNUSED_FUNCTION = YES;
				GCC_WARN_UNUSED_VARIABLE = YES;
				IPHONEOS_DEPLOYMENT_TARGET = 16.0;
				MTL_ENABLE_DEBUG_INFO = NO;
				MTL_FAST_MATH = YES;
				SDKROOT = iphoneos;
				SWIFT_COMPILATION_MODE = wholemodule;
				SWIFT_OPTIMIZATION_LEVEL = "-O";
				VALIDATE_PRODUCT = YES;
			};
			name = Release;
		};
		350205DC28E3E96E005B77FA /* Debug */ = {
			isa = XCBuildConfiguration;
			baseConfigurationReference = C1661BDCFB5E5DB6F997C0AE /* Pods-Animals.debug.xcconfig */;
			buildSettings = {
				ASSETCATALOG_COMPILER_APPICON_NAME = AppIcon;
				ASSETCATALOG_COMPILER_GLOBAL_ACCENT_COLOR_NAME = AccentColor;
				CODE_SIGN_STYLE = Automatic;
				CURRENT_PROJECT_VERSION = 1;
				DEVELOPMENT_TEAM = V65A927V88;
				GENERATE_INFOPLIST_FILE = YES;
				INFOPLIST_FILE = Animals/Info.plist;
				INFOPLIST_KEY_CFBundleDisplayName = Animals;
				INFOPLIST_KEY_UIApplicationSupportsIndirectInputEvents = YES;
				INFOPLIST_KEY_UILaunchStoryboardName = LaunchScreen.storyboard;
				INFOPLIST_KEY_UIMainStoryboardFile = Main;
				INFOPLIST_KEY_UISupportedInterfaceOrientations = UIInterfaceOrientationPortrait;
				IPHONEOS_DEPLOYMENT_TARGET = 12.0;
				LD_RUNPATH_SEARCH_PATHS = (
					"$(inherited)",
					"@executable_path/Frameworks",
				);
				MARKETING_VERSION = 1.0;
				PRODUCT_BUNDLE_IDENTIFIER = com.iliasutormin.Animals;
				PRODUCT_NAME = "$(TARGET_NAME)";
				SWIFT_EMIT_LOC_STRINGS = YES;
				SWIFT_VERSION = 5.0;
				TARGETED_DEVICE_FAMILY = "1,2";
			};
			name = Debug;
		};
		350205DD28E3E96E005B77FA /* Release */ = {
			isa = XCBuildConfiguration;
			baseConfigurationReference = 6234873817D55F779FE659FF /* Pods-Animals.release.xcconfig */;
			buildSettings = {
				ASSETCATALOG_COMPILER_APPICON_NAME = AppIcon;
				ASSETCATALOG_COMPILER_GLOBAL_ACCENT_COLOR_NAME = AccentColor;
				CODE_SIGN_STYLE = Automatic;
				CURRENT_PROJECT_VERSION = 1;
				DEVELOPMENT_TEAM = V65A927V88;
				GENERATE_INFOPLIST_FILE = YES;
				INFOPLIST_FILE = Animals/Info.plist;
				INFOPLIST_KEY_CFBundleDisplayName = Animals;
				INFOPLIST_KEY_UIApplicationSupportsIndirectInputEvents = YES;
				INFOPLIST_KEY_UILaunchStoryboardName = LaunchScreen.storyboard;
				INFOPLIST_KEY_UIMainStoryboardFile = Main;
				INFOPLIST_KEY_UISupportedInterfaceOrientations = UIInterfaceOrientationPortrait;
				IPHONEOS_DEPLOYMENT_TARGET = 12.0;
				LD_RUNPATH_SEARCH_PATHS = (
					"$(inherited)",
					"@executable_path/Frameworks",
				);
				MARKETING_VERSION = 1.0;
				PRODUCT_BUNDLE_IDENTIFIER = com.iliasutormin.Animals;
				PRODUCT_NAME = "$(TARGET_NAME)";
				SWIFT_EMIT_LOC_STRINGS = YES;
				SWIFT_VERSION = 5.0;
				TARGETED_DEVICE_FAMILY = "1,2";
			};
			name = Release;
		};
/* End XCBuildConfiguration section */

/* Begin XCConfigurationList section */
		350205C228E3E96B005B77FA /* Build configuration list for PBXProject "Animals" */ = {
			isa = XCConfigurationList;
			buildConfigurations = (
				350205D928E3E96E005B77FA /* Debug */,
				350205DA28E3E96E005B77FA /* Release */,
			);
			defaultConfigurationIsVisible = 0;
			defaultConfigurationName = Release;
		};
		350205DB28E3E96E005B77FA /* Build configuration list for PBXNativeTarget "Animals" */ = {
			isa = XCConfigurationList;
			buildConfigurations = (
				350205DC28E3E96E005B77FA /* Debug */,
				350205DD28E3E96E005B77FA /* Release */,
			);
			defaultConfigurationIsVisible = 0;
			defaultConfigurationName = Release;
		};
/* End XCConfigurationList section */

/* Begin XCVersionGroup section */
		350205E628E42462005B77FA /* AnimalDataStack.xcdatamodeld */ = {
			isa = XCVersionGroup;
			children = (
				350205E728E42462005B77FA /* AnimalDataStack.xcdatamodel */,
			);
			currentVersion = 350205E728E42462005B77FA /* AnimalDataStack.xcdatamodel */;
			path = AnimalDataStack.xcdatamodeld;
			sourceTree = "<group>";
			versionGroupType = wrapper.xcdatamodel;
		};
/* End XCVersionGroup section */
	};
	rootObject = 350205BF28E3E96B005B77FA /* Project object */;
}
